
Microsoft Visual Studio Solution File, Format Version 12.00
# Visual Studio Version 16
VisualStudioVersion = 16.0.31205.134
MinimumVisualStudioVersion = 10.0.40219.1
Project("{9A19103F-16F7-4668-BE54-9A1E7A4F7556}") = "ProjectMVC", "ProjectMVC.csproj", "{537933E2-C865-4ED5-A4F3-22C27DF92FD0}"
EndProject
Global
	GlobalSection(SolutionConfigurationPlatforms) = preSolution
		Debug|Any CPU = Debug|Any CPU
		Release|Any CPU = Release|Any CPU
	EndGlobalSection
	GlobalSection(ProjectConfigurationPlatforms) = postSolution
		{537933E2-C865-4ED5-A4F3-22C27DF92FD0}.Debug|Any CPU.ActiveCfg = Debug|Any CPU
		{537933E2-C865-4ED5-A4F3-22C27DF92FD0}.Debug|Any CPU.Build.0 = Debug|Any CPU
		{537933E2-C865-4ED5-A4F3-22C27DF92FD0}.Release|Any CPU.ActiveCfg = Release|Any CPU
		{537933E2-C865-4ED5-A4F3-22C27DF92FD0}.Release|Any CPU.Build.0 = Release|Any CPU
	EndGlobalSection
	GlobalSection(SolutionProperties) = preSolution
		HideSolutionNode = FALSE
	EndGlobalSection
	GlobalSection(ExtensibilityGlobals) = postSolution
		SolutionGuid = {5272E67F-3E8D-4EE3-99A4-0CA5F79EF8D8}
	EndGlobalSection
EndGlobal
